// !$*UTF8*$!
{
	archiveVersion = 1;
	classes = {
	};
	objectVersion = 46;
	objects = {

/* Begin PBXBuildFile section */
		44270F671EE0972F000B34BC /* AppDelegate.swift in Sources */ = {isa = PBXBuildFile; fileRef = 44270F661EE0972F000B34BC /* AppDelegate.swift */; };
		44270F691EE0972F000B34BC /* MemeEditorVC.swift in Sources */ = {isa = PBXBuildFile; fileRef = 44270F681EE0972F000B34BC /* MemeEditorVC.swift */; };
		44270F6C1EE0972F000B34BC /* Main.storyboard in Resources */ = {isa = PBXBuildFile; fileRef = 44270F6A1EE0972F000B34BC /* Main.storyboard */; };
		44270F6E1EE0972F000B34BC /* Assets.xcassets in Resources */ = {isa = PBXBuildFile; fileRef = 44270F6D1EE0972F000B34BC /* Assets.xcassets */; };
		44270F711EE0972F000B34BC /* LaunchScreen.storyboard in Resources */ = {isa = PBXBuildFile; fileRef = 44270F6F1EE0972F000B34BC /* LaunchScreen.storyboard */; };
		444C2BD61EE188420054FF82 /* ViewControllerExt.swift in Sources */ = {isa = PBXBuildFile; fileRef = 444C2BD51EE188420054FF82 /* ViewControllerExt.swift */; };
		44786BA81EE0CA3400B88442 /* Meme.swift in Sources */ = {isa = PBXBuildFile; fileRef = 44786BA71EE0CA3300B88442 /* Meme.swift */; };
		44B92D5B1EE0B33F00968522 /* TopTextFieldDelegate.swift in Sources */ = {isa = PBXBuildFile; fileRef = 44B92D5A1EE0B33F00968522 /* TopTextFieldDelegate.swift */; };
		44B92D5D1EE0B45B00968522 /* BottomTextFieldDelegate.swift in Sources */ = {isa = PBXBuildFile; fileRef = 44B92D5C1EE0B45B00968522 /* BottomTextFieldDelegate.swift */; };
/* End PBXBuildFile section */

/* Begin PBXFileReference section */
		44270F631EE0972F000B34BC /* MemeMe.app */ = {isa = PBXFileReference; explicitFileType = wrapper.application; includeInIndex = 0; path = MemeMe.app; sourceTree = BUILT_PRODUCTS_DIR; };
		44270F661EE0972F000B34BC /* AppDelegate.swift */ = {isa = PBXFileReference; lastKnownFileType = sourcecode.swift; path = AppDelegate.swift; sourceTree = "<group>"; };
		44270F681EE0972F000B34BC /* MemeEditorVC.swift */ = {isa = PBXFileReference; lastKnownFileType = sourcecode.swift; path = MemeEditorVC.swift; sourceTree = "<group>"; };
		44270F6B1EE0972F000B34BC /* Base */ = {isa = PBXFileReference; lastKnownFileType = file.storyboard; name = Base; path = Base.lproj/Main.storyboard; sourceTree = "<group>"; };
		44270F6D1EE0972F000B34BC /* Assets.xcassets */ = {isa = PBXFileReference; lastKnownFileType = folder.assetcatalog; path = Assets.xcassets; sourceTree = "<group>"; };
		44270F701EE0972F000B34BC /* Base */ = {isa = PBXFileReference; lastKnownFileType = file.storyboard; name = Base; path = Base.lproj/LaunchScreen.storyboard; sourceTree = "<group>"; };
		44270F721EE0972F000B34BC /* Info.plist */ = {isa = PBXFileReference; lastKnownFileType = text.plist.xml; path = Info.plist; sourceTree = "<group>"; };
		444C2BD51EE188420054FF82 /* ViewControllerExt.swift */ = {isa = PBXFileReference; fileEncoding = 4; lastKnownFileType = sourcecode.swift; path = ViewControllerExt.swift; sourceTree = "<group>"; };
		44786BA71EE0CA3300B88442 /* Meme.swift */ = {isa = PBXFileReference; fileEncoding = 4; lastKnownFileType = sourcecode.swift; path = Meme.swift; sourceTree = "<group>"; };
		44B92D5A1EE0B33F00968522 /* TopTextFieldDelegate.swift */ = {isa = PBXFileReference; fileEncoding = 4; lastKnownFileType = sourcecode.swift; path = TopTextFieldDelegate.swift; sourceTree = "<group>"; };
		44B92D5C1EE0B45B00968522 /* BottomTextFieldDelegate.swift */ = {isa = PBXFileReference; fileEncoding = 4; lastKnownFileType = sourcecode.swift; path = BottomTextFieldDelegate.swift; sourceTree = "<group>"; };
/* End PBXFileReference section */

/* Begin PBXFrameworksBuildPhase section */
		44270F601EE0972F000B34BC /* Frameworks */ = {
			isa = PBXFrameworksBuildPhase;
			buildActionMask = 2147483647;
			files = (
			);
			runOnlyForDeploymentPostprocessing = 0;
		};
/* End PBXFrameworksBuildPhase section */

/* Begin PBXGroup section */
		44270F5A1EE0972F000B34BC = {
			isa = PBXGroup;
			children = (
				44270F651EE0972F000B34BC /* MemeMe */,
				44270F641EE0972F000B34BC /* Products */,
			);
			sourceTree = "<group>";
		};
		44270F641EE0972F000B34BC /* Products */ = {
			isa = PBXGroup;
			children = (
				44270F631EE0972F000B34BC /* MemeMe.app */,
			);
			name = Products;
			sourceTree = "<group>";
		};
		44270F651EE0972F000B34BC /* MemeMe */ = {
			isa = PBXGroup;
			children = (
				44270F661EE0972F000B34BC /* AppDelegate.swift */,
				44270F681EE0972F000B34BC /* MemeEditorVC.swift */,
				44786BA71EE0CA3300B88442 /* Meme.swift */,
				444C2BD41EE187FE0054FF82 /* Extensions */,
				44B92D591EE0B32600968522 /* Delegates */,
				44270F6F1EE0972F000B34BC /* LaunchScreen.storyboard */,
				44270F6A1EE0972F000B34BC /* Main.storyboard */,
				44270F6D1EE0972F000B34BC /* Assets.xcassets */,
				44270F721EE0972F000B34BC /* Info.plist */,
			);
			path = MemeMe;
			sourceTree = "<group>";
		};
		444C2BD41EE187FE0054FF82 /* Extensions */ = {
			isa = PBXGroup;
			children = (
				444C2BD51EE188420054FF82 /* ViewControllerExt.swift */,
			);
			name = Extensions;
			sourceTree = "<group>";
		};
		44B92D591EE0B32600968522 /* Delegates */ = {
			isa = PBXGroup;
			children = (
				44B92D5A1EE0B33F00968522 /* TopTextFieldDelegate.swift */,
				44B92D5C1EE0B45B00968522 /* BottomTextFieldDelegate.swift */,
			);
			name = Delegates;
			sourceTree = "<group>";
		};
/* End PBXGroup section */

/* Begin PBXNativeTarget section */
		44270F621EE0972F000B34BC /* MemeMe */ = {
			isa = PBXNativeTarget;
			buildConfigurationList = 44270F751EE0972F000B34BC /* Build configuration list for PBXNativeTarget "MemeMe" */;
			buildPhases = (
				44270F5F1EE0972F000B34BC /* Sources */,
				44270F601EE0972F000B34BC /* Frameworks */,
				44270F611EE0972F000B34BC /* Resources */,
			);
			buildRules = (
			);
			dependencies = (
			);
			name = MemeMe;
			productName = MemeMe;
			productReference = 44270F631EE0972F000B34BC /* MemeMe.app */;
			productType = "com.apple.product-type.application";
		};
/* End PBXNativeTarget section */

/* Begin PBXProject section */
		44270F5B1EE0972F000B34BC /* Project object */ = {
			isa = PBXProject;
			attributes = {
				LastSwiftUpdateCheck = 0830;
				LastUpgradeCheck = 0830;
				ORGANIZATIONNAME = "Nathaniel Remy";
				TargetAttributes = {
					44270F621EE0972F000B34BC = {
						CreatedOnToolsVersion = 8.3.2;
						DevelopmentTeam = 6ZT386G464;
						ProvisioningStyle = Automatic;
					};
				};
			};
			buildConfigurationList = 44270F5E1EE0972F000B34BC /* Build configuration list for PBXProject "MemeMe" */;
			compatibilityVersion = "Xcode 3.2";
			developmentRegion = English;
			hasScannedForEncodings = 0;
			knownRegions = (
				en,
				Base,
			);
			mainGroup = 44270F5A1EE0972F000B34BC;
			productRefGroup = 44270F641EE0972F000B34BC /* Products */;
			projectDirPath = "";
			projectRoot = "";
			targets = (
				44270F621EE0972F000B34BC /* MemeMe */,
			);
		};
/* End PBXProject section */

/* Begin PBXResourcesBuildPhase section */
		44270F611EE0972F000B34BC /* Resources */ = {
			isa = PBXResourcesBuildPhase;
			buildActionMask = 2147483647;
			files = (
				44270F711EE0972F000B34BC /* LaunchScreen.storyboard in Resources */,
				44270F6E1EE0972F000B34BC /* Assets.xcassets in Resources */,
				44270F6C1EE0972F000B34BC /* Main.storyboard in Resources */,
			);
			runOnlyForDeploymentPostprocessing = 0;
		};
/* End PBXResourcesBuildPhase section */

/* Begin PBXSourcesBuildPhase section */
		44270F5F1EE0972F000B34BC /* Sources */ = {
			isa = PBXSourcesBuildPhase;
			buildActionMask = 2147483647;
			files = (
				44B92D5B1EE0B33F00968522 /* TopTextFieldDelegate.swift in Sources */,
				44B92D5D1EE0B45B00968522 /* BottomTextFieldDelegate.swift in Sources */,
				44270F691EE0972F000B34BC /* MemeEditorVC.swift in Sources */,
				44270F671EE0972F000B34BC /* AppDelegate.swift in Sources */,
				444C2BD61EE188420054FF82 /* ViewControllerExt.swift in Sources */,
				44786BA81EE0CA3400B88442 /* Meme.swift in Sources */,
			);
			runOnlyForDeploymentPostprocessing = 0;
		};
/* End PBXSourcesBuildPhase section */

/* Begin PBXVariantGroup section */
		44270F6A1EE0972F000B34BC /* Main.storyboard */ = {
			isa = PBXVariantGroup;
			children = (
				44270F6B1EE0972F000B34BC /* Base */,
			);
			name = Main.storyboard;
			sourceTree = "<group>";
		};
		44270F6F1EE0972F000B34BC /* LaunchScreen.storyboard */ = {
			isa = PBXVariantGroup;
			children = (
				44270F701EE0972F000B34BC /* Base */,
			);
			name = LaunchScreen.storyboard;
			sourceTree = "<group>";
		};
/* End PBXVariantGroup section */

/* Begin XCBuildConfiguration section */
		44270F731EE0972F000B34BC /* Debug */ = {
			isa = XCBuildConfiguration;
			buildSettings = {
				ALWAYS_SEARCH_USER_PATHS = NO;
				CLANG_ANALYZER_NONNULL = YES;
				CLANG_ANALYZER_NUMBER_OBJECT_CONVERSION = YES_AGGRESSIVE;
				CLANG_CXX_LANGUAGE_STANDARD = "gnu++0x";
				CLANG_CXX_LIBRARY = "libc++";
				CLANG_ENABLE_MODULES = YES;
				CLANG_ENABLE_OBJC_ARC = YES;
				CLANG_WARN_BOOL_CONVERSION = YES;
				CLANG_WARN_CONSTANT_CONVERSION = YES;
				CLANG_WARN_DIRECT_OBJC_ISA_USAGE = YES_ERROR;
				CLANG_WARN_DOCUMENTATION_COMMENTS = YES;
				CLANG_WARN_EMPTY_BODY = YES;
				CLANG_WARN_ENUM_CONVERSION = YES;
				CLANG_WARN_INFINITE_RECURSION = YES;
				CLANG_WARN_INT_CONVERSION = YES;
				CLANG_WARN_OBJC_ROOT_CLASS = YES_ERROR;
				CLANG_WARN_SUSPICIOUS_MOVE = YES;
				CLANG_WARN_UNREACHABLE_CODE = YES;
				CLANG_WARN__DUPLICATE_METHOD_MATCH = YES;
				"CODE_SIGN_IDENTITY[sdk=iphoneos*]" = "iPhone Developer";
				COPY_PHASE_STRIP = NO;
				DEBUG_INFORMATION_FORMAT = dwarf;
				ENABLE_STRICT_OBJC_MSGSEND = YES;
				ENABLE_TESTABILITY = YES;
				GCC_C_LANGUAGE_STANDARD = gnu99;
				GCC_DYNAMIC_NO_PIC = NO;
				GCC_NO_COMMON_BLOCKS = YES;
				GCC_OPTIMIZATION_LEVEL = 0;
				GCC_PREPROCESSOR_DEFINITIONS = (
					"DEBUG=1",
					"$(inherited)",
				);
				GCC_WARN_64_TO_32_BIT_CONVERSION = YES;
				GCC_WARN_ABOUT_RETURN_TYPE = YES_ERROR;
				GCC_WARN_UNDECLARED_SELECTOR = YES;
				GCC_WARN_UNINITIALIZED_AUTOS = YES_AGGRESSIVE;
				GCC_WARN_UNUSED_FUNCTION = YES;
				GCC_WARN_UNUSED_VARIABLE = YES;
				IPHONEOS_DEPLOYMENT_TARGET = 10.3;
				MTL_ENABLE_DEBUG_INFO = YES;
				ONLY_ACTIVE_ARCH = YES;
				SDKROOT = iphoneos;
				SWIFT_ACTIVE_COMPILATION_CONDITIONS = DEBUG;
				SWIFT_OPTIMIZATION_LEVEL = "-Onone";
				TARGETED_DEVICE_FAMILY = "1,2";
			};
			name = Debug;
		};
		44270F741EE0972F000B34BC /* Release */ = {
			isa = XCBuildConfiguration;
			buildSettings = {
				ALWAYS_SEARCH_USER_PATHS = NO;
				CLANG_ANALYZER_NONNULL = YES;
				CLANG_ANALYZER_NUMBER_OBJECT_CONVERSION = YES_AGGRESSIVE;
				CLANG_CXX_LANGUAGE_STANDARD = "gnu++0x";
				CLANG_CXX_LIBRARY = "libc++";
				CLANG_ENABLE_MODULES = YES;
				CLANG_ENABLE_OBJC_ARC = YES;
				CLANG_WARN_BOOL_CONVERSION = YES;
				CLANG_WARN_CONSTANT_CONVERSION = YES;
				CLANG_WARN_DIRECT_OBJC_ISA_USAGE = YES_ERROR;
				CLANG_WARN_DOCUMENTATION_COMMENTS = YES;
				CLANG_WARN_EMPTY_BODY = YES;
				CLANG_WARN_ENUM_CONVERSION = YES;
				CLANG_WARN_INFINITE_RECURSION = YES;
				CLANG_WARN_INT_CONVERSION = YES;
				CLANG_WARN_OBJC_ROOT_CLASS = YES_ERROR;
				CLANG_WARN_SUSPICIOUS_MOVE = YES;
				CLANG_WARN_UNREACHABLE_CODE = YES;
				CLANG_WARN__DUPLICATE_METHOD_MATCH = YES;
				"CODE_SIGN_IDENTITY[sdk=iphoneos*]" = "iPhone Developer";
				COPY_PHASE_STRIP = NO;
				DEBUG_INFORMATION_FORMAT = "dwarf-with-dsym";
				ENABLE_NS_ASSERTIONS = NO;
				ENABLE_STRICT_OBJC_MSGSEND = YES;
				GCC_C_LANGUAGE_STANDARD = gnu99;
				GCC_NO_COMMON_BLOCKS = YES;
				GCC_WARN_64_TO_32_BIT_CONVERSION = YES;
				GCC_WARN_ABOUT_RETURN_TYPE = YES_ERROR;
				GCC_WARN_UNDECLARED_SELECTOR = YES;
				GCC_WARN_UNINITIALIZED_AUTOS = YES_AGGRESSIVE;
				GCC_WARN_UNUSED_FUNCTION = YES;
				GCC_WARN_UNUSED_VARIABLE = YES;
				IPHONEOS_DEPLOYMENT_TARGET = 10.3;
				MTL_ENABLE_DEBUG_INFO = NO;
				SDKROOT = iphoneos;
				SWIFT_OPTIMIZATION_LEVEL = "-Owholemodule";
				TARGETED_DEVICE_FAMILY = "1,2";
				VALIDATE_PRODUCT = YES;
			};
			name = Release;
		};
		44270F761EE0972F000B34BC /* Debug */ = {
			isa = XCBuildConfiguration;
			buildSettings = {
				ASSETCATALOG_COMPILER_APPICON_NAME = AppIcon;
				DEVELOPMENT_TEAM = 6ZT386G464;
				INFOPLIST_FILE = MemeMe/Info.plist;
				LD_RUNPATH_SEARCH_PATHS = "$(inherited) @executable_path/Frameworks";
				PRODUCT_BUNDLE_IDENTIFIER = com.NathanielRemy.AmusementParkPassGenerator;
				PRODUCT_NAME = "$(TARGET_NAME)";
				SWIFT_VERSION = 3.0;
			};
			name = Debug;
		};
		44270F771EE0972F000B34BC /* Release */ = {
			isa = XCBuildConfiguration;
			buildSettings = {
				ASSETCATALOG_COMPILER_APPICON_NAME = AppIcon;
				DEVELOPMENT_TEAM = 6ZT386G464;
				INFOPLIST_FILE = MemeMe/Info.plist;
				LD_RUNPATH_SEARCH_PATHS = "$(inherited) @executable_path/Frameworks";
				PRODUCT_BUNDLE_IDENTIFIER = com.NathanielRemy.AmusementParkPassGenerator;
				PRODUCT_NAME = "$(TARGET_NAME)";
				SWIFT_VERSION = 3.0;
			};
			name = Release;
		};
/* End XCBuildConfiguration section */

/* Begin XCConfigurationList section */
		44270F5E1EE0972F000B34BC /* Build configuration list for PBXProject "MemeMe" */ = {
			isa = XCConfigurationList;
			buildConfigurations = (
				44270F731EE0972F000B34BC /* Debug */,
				44270F741EE0972F000B34BC /* Release */,
			);
			defaultConfigurationIsVisible = 0;
			defaultConfigurationName = Release;
		};
		44270F751EE0972F000B34BC /* Build configuration list for PBXNativeTarget "MemeMe" */ = {
			isa = XCConfigurationList;
			buildConfigurations = (
				44270F761EE0972F000B34BC /* Debug */,
				44270F771EE0972F000B34BC /* Release */,
			);
			defaultConfigurationIsVisible = 0;
			defaultConfigurationName = Release;
		};
/* End XCConfigurationList section */
	};
	rootObject = 44270F5B1EE0972F000B34BC /* Project object */;
}
